
Microsoft Visual Studio Solution File, Format Version 12.00
# Visual Studio 2012
Project("{FAE04EC0-301F-11D3-BF4B-00C04F79EFBC}") = "The Game", "The Game\The Game\The Game.csproj", "{4A65A77D-935E-4E95-97FD-710A13F205B0}"
EndProject
Project("{96E2B04D-8817-42C6-938A-82C39BA4D311}") = "The GameContent", "The Game\The GameContent\The GameContent.contentproj", "{FC5CF725-7798-4C08-A3D3-D194A903EE11}"
EndProject
Global
	GlobalSection(SolutionConfigurationPlatforms) = preSolution
		Debug|x86 = Debug|x86
		Release|x86 = Release|x86
	EndGlobalSection
	GlobalSection(ProjectConfigurationPlatforms) = postSolution
		{4A65A77D-935E-4E95-97FD-710A13F205B0}.Debug|x86.ActiveCfg = Debug|x86
		{4A65A77D-935E-4E95-97FD-710A13F205B0}.Debug|x86.Build.0 = Debug|x86
		{4A65A77D-935E-4E95-97FD-710A13F205B0}.Release|x86.ActiveCfg = Release|x86
		{4A65A77D-935E-4E95-97FD-710A13F205B0}.Release|x86.Build.0 = Release|x86
		{FC5CF725-7798-4C08-A3D3-D194A903EE11}.Debug|x86.ActiveCfg = Debug|x86
		{FC5CF725-7798-4C08-A3D3-D194A903EE11}.Release|x86.ActiveCfg = Release|x86
	EndGlobalSection
	GlobalSection(SolutionProperties) = preSolution
		HideSolutionNode = FALSE
	EndGlobalSection
EndGlobal
